
Microsoft Visual Studio Solution File, Format Version 12.00
# Visual Studio Version 17
VisualStudioVersion = 17.4.33103.184
MinimumVisualStudioVersion = 10.0.40219.1
Project("{FAE04EC0-301F-11D3-BF4B-00C04F79EFBC}") = "MazeDfs", "MazeDfs\MazeDfs.csproj", "{BE25EB66-1C16-4EF3-B456-B721586462C3}"
EndProject
Global
	GlobalSection(SolutionConfigurationPlatforms) = preSolution
		Debug|Any CPU = Debug|Any CPU
		Release|Any CPU = Release|Any CPU
	EndGlobalSection
	GlobalSection(ProjectConfigurationPlatforms) = postSolution
		{BE25EB66-1C16-4EF3-B456-B721586462C3}.Debug|Any CPU.ActiveCfg = Debug|Any CPU
		{BE25EB66-1C16-4EF3-B456-B721586462C3}.Debug|Any CPU.Build.0 = Debug|Any CPU
		{BE25EB66-1C16-4EF3-B456-B721586462C3}.Release|Any CPU.ActiveCfg = Release|Any CPU
		{BE25EB66-1C16-4EF3-B456-B721586462C3}.Release|Any CPU.Build.0 = Release|Any CPU
	EndGlobalSection
	GlobalSection(SolutionProperties) = preSolution
		HideSolutionNode = FALSE
	EndGlobalSection
	GlobalSection(ExtensibilityGlobals) = postSolution
		SolutionGuid = {C1514C3D-B181-4A0E-B14E-1FA1F23D0D76}
	EndGlobalSection
EndGlobal
